
Microsoft Visual Studio Solution File, Format Version 12.00
# Visual Studio Version 17
VisualStudioVersion = 17.7.34024.191
MinimumVisualStudioVersion = 10.0.40219.1
Project("{2150E333-8FDC-42A3-9474-1A3956D46DE8}") = "src", "src", "{0244A6A2-8736-42D2-83B0-2D4ED49120BE}"
EndProject
Project("{2150E333-8FDC-42A3-9474-1A3956D46DE8}") = "test", "test", "{4DBD5CC9-B0B4-4461-BF55-039B8DCE370F}"
EndProject
Project("{FAE04EC0-301F-11D3-BF4B-00C04F79EFBC}") = "ZNet.Core", "src\ZNet.Core\ZNet.Core.csproj", "{6B198DE8-D03B-4AC2-836B-2F479034080C}"
EndProject
Project("{FAE04EC0-301F-11D3-BF4B-00C04F79EFBC}") = "ZNet.Data.MySql", "src\ZNet.Data.MySql\ZNet.Data.MySql.csproj", "{482DD216-4842-466A-B188-CA62108E451E}"
EndProject
Project("{FAE04EC0-301F-11D3-BF4B-00C04F79EFBC}") = "ZNet.Data.Oracle", "src\ZNet.Data.Oracle\ZNet.Data.Oracle.csproj", "{96809C89-7B7F-4B65-AF74-A3C45AE63EA9}"
EndProject
Project("{FAE04EC0-301F-11D3-BF4B-00C04F79EFBC}") = "ZNet.Data.SqlServer", "src\ZNet.Data.SqlServer\ZNet.Data.SqlServer.csproj", "{2CAD6FED-4E64-45F8-8F36-17A4CD7325A4}"
EndProject
Project("{FAE04EC0-301F-11D3-BF4B-00C04F79EFBC}") = "ZNet.Event.Kafka", "src\ZNet.Event.Kafka\ZNet.Event.Kafka.csproj", "{06920FC4-754E-49F2-A7B7-23DA1AB25124}"
EndProject
Project("{FAE04EC0-301F-11D3-BF4B-00C04F79EFBC}") = "WebApp1", "test\WebApp1\WebApp1.csproj", "{EE784174-357F-4954-AFF9-D0A9825248F3}"
EndProject
Project("{FAE04EC0-301F-11D3-BF4B-00C04F79EFBC}") = "WorkerService1", "test\WorkerService1\WorkerService1.csproj", "{07852725-2104-49B6-9FA2-E60877256CB6}"
EndProject
Project("{FAE04EC0-301F-11D3-BF4B-00C04F79EFBC}") = "ZNet.Host", "src\ZNet.Host\ZNet.Host.csproj", "{3FAA0866-73C7-4449-821A-E12EB33C1C7B}"
EndProject
Project("{FAE04EC0-301F-11D3-BF4B-00C04F79EFBC}") = "ZNet.WebHost", "src\ZNet.WebHost\ZNet.WebHost.csproj", "{2046AFAA-57D6-41CF-BC14-C86F4CB85F45}"
EndProject
Project("{FAE04EC0-301F-11D3-BF4B-00C04F79EFBC}") = "ZNet.Logging.NLog", "src\ZNet.Logging.NLog\ZNet.Logging.NLog.csproj", "{3546A7C6-647C-4427-91B3-845CC837A6AE}"
EndProject
Project("{FAE04EC0-301F-11D3-BF4B-00C04F79EFBC}") = "ZNet.Json.Newtonsoft", "src\ZNet.Json.Newtonsoft\ZNet.Json.Newtonsoft.csproj", "{58C1E936-CC06-40BF-918E-A56A79299AD8}"
EndProject
Project("{FAE04EC0-301F-11D3-BF4B-00C04F79EFBC}") = "ZNet.Ftp.FluntSftp", "src\ZNet.Ftp.FluntSftp\ZNet.Ftp.FluntSftp.csproj", "{A9D1B053-13C4-497F-8494-56CC440EF4D3}"
EndProject
Project("{FAE04EC0-301F-11D3-BF4B-00C04F79EFBC}") = "ZNet.Mail.MailKit", "src\ZNet.Mail.MailKit\ZNet.Mail.MailKit.csproj", "{BE9D8E1B-53D6-444C-B298-BCE3204CA06C}"
EndProject
Global
	GlobalSection(SolutionConfigurationPlatforms) = preSolution
		Debug|Any CPU = Debug|Any CPU
		Release|Any CPU = Release|Any CPU
	EndGlobalSection
	GlobalSection(ProjectConfigurationPlatforms) = postSolution
		{6B198DE8-D03B-4AC2-836B-2F479034080C}.Debug|Any CPU.ActiveCfg = Debug|Any CPU
		{6B198DE8-D03B-4AC2-836B-2F479034080C}.Debug|Any CPU.Build.0 = Debug|Any CPU
		{6B198DE8-D03B-4AC2-836B-2F479034080C}.Release|Any CPU.ActiveCfg = Release|Any CPU
		{6B198DE8-D03B-4AC2-836B-2F479034080C}.Release|Any CPU.Build.0 = Release|Any CPU
		{482DD216-4842-466A-B188-CA62108E451E}.Debug|Any CPU.ActiveCfg = Debug|Any CPU
		{482DD216-4842-466A-B188-CA62108E451E}.Debug|Any CPU.Build.0 = Debug|Any CPU
		{482DD216-4842-466A-B188-CA62108E451E}.Release|Any CPU.ActiveCfg = Release|Any CPU
		{482DD216-4842-466A-B188-CA62108E451E}.Release|Any CPU.Build.0 = Release|Any CPU
		{96809C89-7B7F-4B65-AF74-A3C45AE63EA9}.Debug|Any CPU.ActiveCfg = Debug|Any CPU
		{96809C89-7B7F-4B65-AF74-A3C45AE63EA9}.Debug|Any CPU.Build.0 = Debug|Any CPU
		{96809C89-7B7F-4B65-AF74-A3C45AE63EA9}.Release|Any CPU.ActiveCfg = Release|Any CPU
		{96809C89-7B7F-4B65-AF74-A3C45AE63EA9}.Release|Any CPU.Build.0 = Release|Any CPU
		{2CAD6FED-4E64-45F8-8F36-17A4CD7325A4}.Debug|Any CPU.ActiveCfg = Debug|Any CPU
		{2CAD6FED-4E64-45F8-8F36-17A4CD7325A4}.Debug|Any CPU.Build.0 = Debug|Any CPU
		{2CAD6FED-4E64-45F8-8F36-17A4CD7325A4}.Release|Any CPU.ActiveCfg = Release|Any CPU
		{2CAD6FED-4E64-45F8-8F36-17A4CD7325A4}.Release|Any CPU.Build.0 = Release|Any CPU
		{06920FC4-754E-49F2-A7B7-23DA1AB25124}.Debug|Any CPU.ActiveCfg = Debug|Any CPU
		{06920FC4-754E-49F2-A7B7-23DA1AB25124}.Debug|Any CPU.Build.0 = Debug|Any CPU
		{06920FC4-754E-49F2-A7B7-23DA1AB25124}.Release|Any CPU.ActiveCfg = Release|Any CPU
		{06920FC4-754E-49F2-A7B7-23DA1AB25124}.Release|Any CPU.Build.0 = Release|Any CPU
		{EE784174-357F-4954-AFF9-D0A9825248F3}.Debug|Any CPU.ActiveCfg = Debug|Any CPU
		{EE784174-357F-4954-AFF9-D0A9825248F3}.Debug|Any CPU.Build.0 = Debug|Any CPU
		{EE784174-357F-4954-AFF9-D0A9825248F3}.Release|Any CPU.ActiveCfg = Release|Any CPU
		{EE784174-357F-4954-AFF9-D0A9825248F3}.Release|Any CPU.Build.0 = Release|Any CPU
		{07852725-2104-49B6-9FA2-E60877256CB6}.Debug|Any CPU.ActiveCfg = Debug|Any CPU
		{07852725-2104-49B6-9FA2-E60877256CB6}.Debug|Any CPU.Build.0 = Debug|Any CPU
		{07852725-2104-49B6-9FA2-E60877256CB6}.Release|Any CPU.ActiveCfg = Release|Any CPU
		{07852725-2104-49B6-9FA2-E60877256CB6}.Release|Any CPU.Build.0 = Release|Any CPU
		{3FAA0866-73C7-4449-821A-E12EB33C1C7B}.Debug|Any CPU.ActiveCfg = Debug|Any CPU
		{3FAA0866-73C7-4449-821A-E12EB33C1C7B}.Debug|Any CPU.Build.0 = Debug|Any CPU
		{3FAA0866-73C7-4449-821A-E12EB33C1C7B}.Release|Any CPU.ActiveCfg = Release|Any CPU
		{3FAA0866-73C7-4449-821A-E12EB33C1C7B}.Release|Any CPU.Build.0 = Release|Any CPU
		{2046AFAA-57D6-41CF-BC14-C86F4CB85F45}.Debug|Any CPU.ActiveCfg = Debug|Any CPU
		{2046AFAA-57D6-41CF-BC14-C86F4CB85F45}.Debug|Any CPU.Build.0 = Debug|Any CPU
		{2046AFAA-57D6-41CF-BC14-C86F4CB85F45}.Release|Any CPU.ActiveCfg = Release|Any CPU
		{2046AFAA-57D6-41CF-BC14-C86F4CB85F45}.Release|Any CPU.Build.0 = Release|Any CPU
		{3546A7C6-647C-4427-91B3-845CC837A6AE}.Debug|Any CPU.ActiveCfg = Debug|Any CPU
		{3546A7C6-647C-4427-91B3-845CC837A6AE}.Debug|Any CPU.Build.0 = Debug|Any CPU
		{3546A7C6-647C-4427-91B3-845CC837A6AE}.Release|Any CPU.ActiveCfg = Release|Any CPU
		{3546A7C6-647C-4427-91B3-845CC837A6AE}.Release|Any CPU.Build.0 = Release|Any CPU
		{58C1E936-CC06-40BF-918E-A56A79299AD8}.Debug|Any CPU.ActiveCfg = Debug|Any CPU
		{58C1E936-CC06-40BF-918E-A56A79299AD8}.Debug|Any CPU.Build.0 = Debug|Any CPU
		{58C1E936-CC06-40BF-918E-A56A79299AD8}.Release|Any CPU.ActiveCfg = Release|Any CPU
		{58C1E936-CC06-40BF-918E-A56A79299AD8}.Release|Any CPU.Build.0 = Release|Any CPU
		{A9D1B053-13C4-497F-8494-56CC440EF4D3}.Debug|Any CPU.ActiveCfg = Debug|Any CPU
		{A9D1B053-13C4-497F-8494-56CC440EF4D3}.Debug|Any CPU.Build.0 = Debug|Any CPU
		{A9D1B053-13C4-497F-8494-56CC440EF4D3}.Release|Any CPU.ActiveCfg = Release|Any CPU
		{A9D1B053-13C4-497F-8494-56CC440EF4D3}.Release|Any CPU.Build.0 = Release|Any CPU
		{BE9D8E1B-53D6-444C-B298-BCE3204CA06C}.Debug|Any CPU.ActiveCfg = Debug|Any CPU
		{BE9D8E1B-53D6-444C-B298-BCE3204CA06C}.Debug|Any CPU.Build.0 = Debug|Any CPU
		{BE9D8E1B-53D6-444C-B298-BCE3204CA06C}.Release|Any CPU.ActiveCfg = Release|Any CPU
		{BE9D8E1B-53D6-444C-B298-BCE3204CA06C}.Release|Any CPU.Build.0 = Release|Any CPU
	EndGlobalSection
	GlobalSection(SolutionProperties) = preSolution
		HideSolutionNode = FALSE
	EndGlobalSection
	GlobalSection(NestedProjects) = preSolution
		{6B198DE8-D03B-4AC2-836B-2F479034080C} = {0244A6A2-8736-42D2-83B0-2D4ED49120BE}
		{482DD216-4842-466A-B188-CA62108E451E} = {0244A6A2-8736-42D2-83B0-2D4ED49120BE}
		{96809C89-7B7F-4B65-AF74-A3C45AE63EA9} = {0244A6A2-8736-42D2-83B0-2D4ED49120BE}
		{2CAD6FED-4E64-45F8-8F36-17A4CD7325A4} = {0244A6A2-8736-42D2-83B0-2D4ED49120BE}
		{06920FC4-754E-49F2-A7B7-23DA1AB25124} = {0244A6A2-8736-42D2-83B0-2D4ED49120BE}
		{EE784174-357F-4954-AFF9-D0A9825248F3} = {4DBD5CC9-B0B4-4461-BF55-039B8DCE370F}
		{07852725-2104-49B6-9FA2-E60877256CB6} = {4DBD5CC9-B0B4-4461-BF55-039B8DCE370F}
		{3FAA0866-73C7-4449-821A-E12EB33C1C7B} = {0244A6A2-8736-42D2-83B0-2D4ED49120BE}
		{2046AFAA-57D6-41CF-BC14-C86F4CB85F45} = {0244A6A2-8736-42D2-83B0-2D4ED49120BE}
		{3546A7C6-647C-4427-91B3-845CC837A6AE} = {0244A6A2-8736-42D2-83B0-2D4ED49120BE}
		{58C1E936-CC06-40BF-918E-A56A79299AD8} = {0244A6A2-8736-42D2-83B0-2D4ED49120BE}
		{A9D1B053-13C4-497F-8494-56CC440EF4D3} = {0244A6A2-8736-42D2-83B0-2D4ED49120BE}
		{BE9D8E1B-53D6-444C-B298-BCE3204CA06C} = {0244A6A2-8736-42D2-83B0-2D4ED49120BE}
	EndGlobalSection
	GlobalSection(ExtensibilityGlobals) = postSolution
		SolutionGuid = {A107EC28-BD3D-4B80-B047-B3C7B5685095}
	EndGlobalSection
EndGlobal
